{
  "name": "impact-local-database",
  "lockfileVersion": 3,
  "requires": true,
  "packages": {
    "": {
      "name": "impact-local-database",
      "dependencies": {
        "@electric-sql/pglite": "0.3.15",
        "@electric-sql/pglite-socket": "0.0.20"
      }
    },
    "node_modules/@electric-sql/pglite": {
      "version": "0.3.15",
      "resolved": "https://registry.npmjs.org/@electric-sql/pglite/-/pglite-0.3.15.tgz",
      "integrity": "sha512-Cj++n1Mekf9ETfdc16TlDi+cDDQF0W7EcbyRHYOAeZdsAe8M/FJg18itDTSwyHfar2WIezawM9o0EKaRGVKygQ==",
      "license": "Apache-2.0"
    },
    "node_modules/@electric-sql/pglite-socket": {
      "version": "0.0.20",
      "resolved": "https://registry.npmjs.org/@electric-sql/pglite-socket/-/pglite-socket-0.0.20.tgz",
      "integrity": "sha512-J5nLGsicnD9wJHnno9r+DGxfcZWh+YJMCe0q/aCgtG6XOm9Z7fKeite8IZSNXgZeGltSigM9U/vAWZQWdgcSFg==",
      "license": "Apache-2.0",
      "bin": {
        "pglite-server": "dist/scripts/server.js"
      },
      "peerDependencies": {
        "@electric-sql/pglite": "0.3.15"
      }
    }
  }
}
